<?xml version="1.0" encoding="utf-8"?>
<Project ToolsVersion="4.0" xmlns="http://schemas.microsoft.com/developer/msbuild/2003">
  <ItemGroup>
    <Filter Include="Source Files">
      <UniqueIdentifier>{4FC737F1-C7A5-4376-A066-2A32D752A2FF}</UniqueIdentifier>
      <Extensions>cpp;c;cc;cxx;def;odl;idl;hpj;bat;asm;asmx</Extensions>
    </Filter>
    <Filter Include="Header Files">
      <UniqueIdentifier>{93995380-89BD-4b04-88EB-625FBE52EBFB}</UniqueIdentifier>
      <Extensions>h;hpp;hxx;hm;inl;inc;xsd</Extensions>
    </Filter>
    <Filter Include="Resource Files">
      <UniqueIdentifier>{67DA6AB6-F800-4c08-8B7A-83BB121AAD01}</UniqueIdentifier>
      <Extensions>rc;ico;cur;bmp;dlg;rc2;rct;bin;rgs;gif;jpg;jpeg;jpe;resx;tiff;tif;png;wav;mfcribbon-ms</Extensions>
    </Filter>
    <Filter Include="Source Files\AOCS">
      <UniqueIdentifier>{75dc31ff-2e10-47ea-820c-6e3beec8e625}</UniqueIdentifier>
    </Filter>
    <Filter Include="Source Files\Tanks">
      <UniqueIdentifier>{a95355aa-55fe-4847-8580-047e6f3787c5}</UniqueIdentifier>
    </Filter>
    <Filter Include="Header Files\Tanks">
      <UniqueIdentifier>{b49caac8-8e57-4316-a827-7ce2a0ba7ca6}</UniqueIdentifier>
    </Filter>
    <Filter Include="Header Files\AOCS">
      <UniqueIdentifier>{b60aabce-8bbe-4f53-b034-af1de50b2725}</UniqueIdentifier>
    </Filter>
    <Filter Include="Source Files\PSS">
      <UniqueIdentifier>{16582fe8-729c-4da0-bc7d-b4981a7df90a}</UniqueIdentifier>
    </Filter>
    <Filter Include="Header Files\PSS">
      <UniqueIdentifier>{4a2d51ce-cab6-4af3-828c-95b1ab144ab1}</UniqueIdentifier>
    </Filter>
    <Filter Include="Source Files\TCS">
      <UniqueIdentifier>{06a67cfe-8cf5-4118-9fc0-02bdf200d8ce}</UniqueIdentifier>
    </Filter>
    <Filter Include="Header Files\TCS">
      <UniqueIdentifier>{bab4a379-668e-4a96-999b-3fbb0d9dc7fd}</UniqueIdentifier>
    </Filter>
  </ItemGroup>
  <ItemGroup>
    <ClCompile Include="Creator.cpp">
      <Filter>Source Files</Filter>
    </ClCompile>
    <ClCompile Include="Link.cpp">
      <Filter>Source Files</Filter>
    </ClCompile>
    <ClCompile Include="Port.cpp">
      <Filter>Source Files</Filter>
    </ClCompile>
    <ClCompile Include="Logger.cpp">
      <Filter>Source Files</Filter>
    </ClCompile>
    <ClCompile Include="SubSystem.cpp">
      <Filter>Source Files</Filter>
    </ClCompile>
    <ClCompile Include="Thruster.cpp">
      <Filter>Source Files\AOCS</Filter>
    </ClCompile>
    <ClCompile Include="HydrogenTank.cpp">
      <Filter>Source Files\Tanks</Filter>
    </ClCompile>
    <ClCompile Include="OxygenTank.cpp">
      <Filter>Source Files\Tanks</Filter>
    </ClCompile>
    <ClCompile Include="WaterTank.cpp">
      <Filter>Source Files\Tanks</Filter>
    </ClCompile>
    <ClCompile Include="Battery.cpp">
      <Filter>Source Files\PSS</Filter>
    </ClCompile>
    <ClCompile Include="ThermalFissionGenerator.cpp">
      <Filter>Source Files\PSS</Filter>
    </ClCompile>
    <ClCompile Include="FuelCell.cpp">
      <Filter>Source Files\PSS</Filter>
    </ClCompile>
    <ClCompile Include="Radiator.cpp">
      <Filter>Source Files\TCS</Filter>
    </ClCompile>
  </ItemGroup>
  <ItemGroup>
    <ClInclude Include="Link.h">
      <Filter>Header Files</Filter>
    </ClInclude>
    <ClInclude Include="Port.h">
      <Filter>Header Files</Filter>
    </ClInclude>
    <ClInclude Include="Logger.h">
      <Filter>Header Files</Filter>
    </ClInclude>
    <ClInclude Include="SubSystem.h">
      <Filter>Header Files</Filter>
    </ClInclude>
    <ClInclude Include="HydrogenTank.h">
      <Filter>Header Files\Tanks</Filter>
    </ClInclude>
    <ClInclude Include="OxygenTank.h">
      <Filter>Header Files\Tanks</Filter>
    </ClInclude>
    <ClInclude Include="Thruster.h">
      <Filter>Header Files\AOCS</Filter>
    </ClInclude>
    <ClInclude Include="Battery.h">
      <Filter>Header Files\PSS</Filter>
    </ClInclude>
    <ClInclude Include="WaterTank.h">
      <Filter>Header Files\Tanks</Filter>
    </ClInclude>
    <ClInclude Include="ThermalFissionGenerator.h">
      <Filter>Header Files\PSS</Filter>
    </ClInclude>
    <ClInclude Include="FuelCell.h">
      <Filter>Header Files\PSS</Filter>
    </ClInclude>
    <ClInclude Include="Radiator.h">
      <Filter>Header Files\TCS</Filter>
    </ClInclude>
    <ClInclude Include="SubSystemLib.h">
      <Filter>Header Files</Filter>
    </ClInclude>
  </ItemGroup>
</Project>